{
  "object": {
    "pins": [
      {
        "package": "argtree",
        "repositoryURL": "https://github.com/dastrobu/argtree.git",
        "state": {
          "branch": null,
          "revision": "56715c23f2a2bb5414d89de4ce0735f1c04420ee",
          "version": "1.5.5"
        }
      },
      {
        "package": "SQLite.swift",
        "repositoryURL": "https://github.com/stephencelis/SQLite.swift.git",
        "state": {
          "branch": null,
          "revision": "a95fc6df17d108bd99210db5e8a9bac90fe984b8",
          "version": "0.15.3"
        }
      },
      {
        "package": "swift-log",
        "repositoryURL": "https://github.com/apple/swift-log.git",
        "state": {
          "branch": null,
          "revision": "9cb486020ebf03bfa5b5df985387a14a98744537",
          "version": "1.6.1"
        }
      }
    ]
  },
  "version": 1
}
