{
  "object": {
    "pins": [
      {
        "package": "argtree",
        "repositoryURL": "https://github.com/dastrobu/argtree.git",
        "state": {
          "branch": null,
          "revision": "56715c23f2a2bb5414d89de4ce0735f1c04420ee",
          "version": "1.5.5"
        }
      },
      {
        "package": "SQLite.swift",
        "repositoryURL": "https://github.com/stephencelis/SQLite.swift.git",
        "state": {
          "branch": null,
          "revision": "392dd6058624d9f6c5b4c769d165ddd8c7293394",
          "version": "0.15.4"
        }
      },
      {
        "package": "swift-log",
        "repositoryURL": "https://github.com/apple/swift-log.git",
        "state": {
          "branch": null,
          "revision": "ce592ae52f982c847a4efc0dd881cc9eb32d29f2",
          "version": "1.6.4"
        }
      },
      {
        "package": "swift-toolchain-sqlite",
        "repositoryURL": "https://github.com/swiftlang/swift-toolchain-sqlite",
        "state": {
          "branch": null,
          "revision": "b626d3002773b1a1304166643e7f118f724b2132",
          "version": "1.0.4"
        }
      }
    ]
  },
  "version": 1
}
